
Microsoft Visual Studio Solution File, Format Version 12.00
# Visual Studio Version 16
VisualStudioVersion = 25.0.1704.0
MinimumVisualStudioVersion = 10.0.40219.1
Project("{FAE04EC0-301F-11D3-BF4B-00C04F79EFBC}") = "15802", "15802\15802.csproj", "{A8FA2B2B-BCED-4C2A-AA8E-5648F8025F88}"
EndProject
Global
	GlobalSection(SolutionConfigurationPlatforms) = preSolution
		Debug|Any CPU = Debug|Any CPU
		Release|Any CPU = Release|Any CPU
	EndGlobalSection
	GlobalSection(ProjectConfigurationPlatforms) = postSolution
		{A8FA2B2B-BCED-4C2A-AA8E-5648F8025F88}.Debug|Any CPU.ActiveCfg = Debug|Any CPU
		{A8FA2B2B-BCED-4C2A-AA8E-5648F8025F88}.Debug|Any CPU.Build.0 = Debug|Any CPU
		{A8FA2B2B-BCED-4C2A-AA8E-5648F8025F88}.Release|Any CPU.ActiveCfg = Release|Any CPU
		{A8FA2B2B-BCED-4C2A-AA8E-5648F8025F88}.Release|Any CPU.Build.0 = Release|Any CPU
	EndGlobalSection
	GlobalSection(SolutionProperties) = preSolution
		HideSolutionNode = FALSE
	EndGlobalSection
	GlobalSection(ExtensibilityGlobals) = postSolution
		SolutionGuid = {1988B001-B313-4E47-8080-768965ED0839}
	EndGlobalSection
EndGlobal
