
Microsoft Visual Studio Solution File, Format Version 12.00
# Visual Studio Version 16
VisualStudioVersion = 25.0.1703.7
MinimumVisualStudioVersion = 10.0.40219.1
Project("{FAE04EC0-301F-11D3-BF4B-00C04F79EFBC}") = "11104", "11104\11104.csproj", "{10774533-DCAF-4F22-834F-FED6901AC30E}"
EndProject
Global
	GlobalSection(SolutionConfigurationPlatforms) = preSolution
		Debug|Any CPU = Debug|Any CPU
		Release|Any CPU = Release|Any CPU
	EndGlobalSection
	GlobalSection(ProjectConfigurationPlatforms) = postSolution
		{10774533-DCAF-4F22-834F-FED6901AC30E}.Debug|Any CPU.ActiveCfg = Debug|Any CPU
		{10774533-DCAF-4F22-834F-FED6901AC30E}.Debug|Any CPU.Build.0 = Debug|Any CPU
		{10774533-DCAF-4F22-834F-FED6901AC30E}.Release|Any CPU.ActiveCfg = Release|Any CPU
		{10774533-DCAF-4F22-834F-FED6901AC30E}.Release|Any CPU.Build.0 = Release|Any CPU
	EndGlobalSection
	GlobalSection(SolutionProperties) = preSolution
		HideSolutionNode = FALSE
	EndGlobalSection
	GlobalSection(ExtensibilityGlobals) = postSolution
		SolutionGuid = {601F16F9-8F14-4C0B-9603-6026BEE2E122}
	EndGlobalSection
EndGlobal
