
Microsoft Visual Studio Solution File, Format Version 12.00
# Visual Studio Version 16
VisualStudioVersion = 25.0.1703.7
MinimumVisualStudioVersion = 10.0.40219.1
Project("{FAE04EC0-301F-11D3-BF4B-00C04F79EFBC}") = "5337", "5337\5337.csproj", "{CB2CC6EF-FF38-41BE-BE12-50D5BCDA4AF2}"
EndProject
Global
	GlobalSection(SolutionConfigurationPlatforms) = preSolution
		Debug|Any CPU = Debug|Any CPU
		Release|Any CPU = Release|Any CPU
	EndGlobalSection
	GlobalSection(ProjectConfigurationPlatforms) = postSolution
		{CB2CC6EF-FF38-41BE-BE12-50D5BCDA4AF2}.Debug|Any CPU.ActiveCfg = Debug|Any CPU
		{CB2CC6EF-FF38-41BE-BE12-50D5BCDA4AF2}.Debug|Any CPU.Build.0 = Debug|Any CPU
		{CB2CC6EF-FF38-41BE-BE12-50D5BCDA4AF2}.Release|Any CPU.ActiveCfg = Release|Any CPU
		{CB2CC6EF-FF38-41BE-BE12-50D5BCDA4AF2}.Release|Any CPU.Build.0 = Release|Any CPU
	EndGlobalSection
	GlobalSection(SolutionProperties) = preSolution
		HideSolutionNode = FALSE
	EndGlobalSection
	GlobalSection(ExtensibilityGlobals) = postSolution
		SolutionGuid = {5A7CAE95-EE94-447A-97AD-F532B321BC3C}
	EndGlobalSection
EndGlobal
