
Microsoft Visual Studio Solution File, Format Version 12.00
# Visual Studio Version 16
VisualStudioVersion = 25.0.1703.8
MinimumVisualStudioVersion = 10.0.40219.1
Project("{FAE04EC0-301F-11D3-BF4B-00C04F79EFBC}") = "14038", "14038\14038.csproj", "{5EDC3C14-39D2-4F78-9992-537C6B81B836}"
EndProject
Global
	GlobalSection(SolutionConfigurationPlatforms) = preSolution
		Debug|Any CPU = Debug|Any CPU
		Release|Any CPU = Release|Any CPU
	EndGlobalSection
	GlobalSection(ProjectConfigurationPlatforms) = postSolution
		{5EDC3C14-39D2-4F78-9992-537C6B81B836}.Debug|Any CPU.ActiveCfg = Debug|Any CPU
		{5EDC3C14-39D2-4F78-9992-537C6B81B836}.Debug|Any CPU.Build.0 = Debug|Any CPU
		{5EDC3C14-39D2-4F78-9992-537C6B81B836}.Release|Any CPU.ActiveCfg = Release|Any CPU
		{5EDC3C14-39D2-4F78-9992-537C6B81B836}.Release|Any CPU.Build.0 = Release|Any CPU
	EndGlobalSection
	GlobalSection(SolutionProperties) = preSolution
		HideSolutionNode = FALSE
	EndGlobalSection
	GlobalSection(ExtensibilityGlobals) = postSolution
		SolutionGuid = {D578751C-EC73-4BE1-9E7A-A12F5B545C80}
	EndGlobalSection
EndGlobal
