
Microsoft Visual Studio Solution File, Format Version 12.00
# Visual Studio Version 16
VisualStudioVersion = 25.0.1703.7
MinimumVisualStudioVersion = 10.0.40219.1
Project("{FAE04EC0-301F-11D3-BF4B-00C04F79EFBC}") = "2741", "2741\2741.csproj", "{50490FBD-DBC8-44A2-B75D-D77B738DAC42}"
EndProject
Global
	GlobalSection(SolutionConfigurationPlatforms) = preSolution
		Debug|Any CPU = Debug|Any CPU
		Release|Any CPU = Release|Any CPU
	EndGlobalSection
	GlobalSection(ProjectConfigurationPlatforms) = postSolution
		{50490FBD-DBC8-44A2-B75D-D77B738DAC42}.Debug|Any CPU.ActiveCfg = Debug|Any CPU
		{50490FBD-DBC8-44A2-B75D-D77B738DAC42}.Debug|Any CPU.Build.0 = Debug|Any CPU
		{50490FBD-DBC8-44A2-B75D-D77B738DAC42}.Release|Any CPU.ActiveCfg = Release|Any CPU
		{50490FBD-DBC8-44A2-B75D-D77B738DAC42}.Release|Any CPU.Build.0 = Release|Any CPU
	EndGlobalSection
	GlobalSection(SolutionProperties) = preSolution
		HideSolutionNode = FALSE
	EndGlobalSection
	GlobalSection(ExtensibilityGlobals) = postSolution
		SolutionGuid = {20BE9299-D16E-4E43-9FBA-8200D1D4F029}
	EndGlobalSection
EndGlobal
