
Microsoft Visual Studio Solution File, Format Version 12.00
# Visual Studio Version 16
VisualStudioVersion = 25.0.1703.7
MinimumVisualStudioVersion = 10.0.40219.1
Project("{FAE04EC0-301F-11D3-BF4B-00C04F79EFBC}") = "1550", "1550\1550.csproj", "{E3C6B819-5FE1-412D-80CF-DE6204A73010}"
EndProject
Global
	GlobalSection(SolutionConfigurationPlatforms) = preSolution
		Debug|Any CPU = Debug|Any CPU
		Release|Any CPU = Release|Any CPU
	EndGlobalSection
	GlobalSection(ProjectConfigurationPlatforms) = postSolution
		{E3C6B819-5FE1-412D-80CF-DE6204A73010}.Debug|Any CPU.ActiveCfg = Debug|Any CPU
		{E3C6B819-5FE1-412D-80CF-DE6204A73010}.Debug|Any CPU.Build.0 = Debug|Any CPU
		{E3C6B819-5FE1-412D-80CF-DE6204A73010}.Release|Any CPU.ActiveCfg = Release|Any CPU
		{E3C6B819-5FE1-412D-80CF-DE6204A73010}.Release|Any CPU.Build.0 = Release|Any CPU
	EndGlobalSection
	GlobalSection(SolutionProperties) = preSolution
		HideSolutionNode = FALSE
	EndGlobalSection
	GlobalSection(ExtensibilityGlobals) = postSolution
		SolutionGuid = {C89BEA7E-6EB3-43B1-B65F-8FD26DE01924}
	EndGlobalSection
EndGlobal
