
Microsoft Visual Studio Solution File, Format Version 12.00
# Visual Studio Version 16
VisualStudioVersion = 25.0.1703.7
MinimumVisualStudioVersion = 10.0.40219.1
Project("{FAE04EC0-301F-11D3-BF4B-00C04F79EFBC}") = "4562", "4562\4562.csproj", "{4E5C5765-C107-4344-8C99-52C7E085BBFA}"
EndProject
Global
	GlobalSection(SolutionConfigurationPlatforms) = preSolution
		Debug|Any CPU = Debug|Any CPU
		Release|Any CPU = Release|Any CPU
	EndGlobalSection
	GlobalSection(ProjectConfigurationPlatforms) = postSolution
		{4E5C5765-C107-4344-8C99-52C7E085BBFA}.Debug|Any CPU.ActiveCfg = Debug|Any CPU
		{4E5C5765-C107-4344-8C99-52C7E085BBFA}.Debug|Any CPU.Build.0 = Debug|Any CPU
		{4E5C5765-C107-4344-8C99-52C7E085BBFA}.Release|Any CPU.ActiveCfg = Release|Any CPU
		{4E5C5765-C107-4344-8C99-52C7E085BBFA}.Release|Any CPU.Build.0 = Release|Any CPU
	EndGlobalSection
	GlobalSection(SolutionProperties) = preSolution
		HideSolutionNode = FALSE
	EndGlobalSection
	GlobalSection(ExtensibilityGlobals) = postSolution
		SolutionGuid = {1A47470A-A8D8-4659-A510-32F955116E3A}
	EndGlobalSection
EndGlobal
