
Microsoft Visual Studio Solution File, Format Version 12.00
# Visual Studio Version 16
VisualStudioVersion = 25.0.1703.7
MinimumVisualStudioVersion = 10.0.40219.1
Project("{FAE04EC0-301F-11D3-BF4B-00C04F79EFBC}") = "11654", "11654\11654.csproj", "{DEBEFAE4-DB6D-41B2-A8E7-6079004449A4}"
EndProject
Global
	GlobalSection(SolutionConfigurationPlatforms) = preSolution
		Debug|Any CPU = Debug|Any CPU
		Release|Any CPU = Release|Any CPU
	EndGlobalSection
	GlobalSection(ProjectConfigurationPlatforms) = postSolution
		{DEBEFAE4-DB6D-41B2-A8E7-6079004449A4}.Debug|Any CPU.ActiveCfg = Debug|Any CPU
		{DEBEFAE4-DB6D-41B2-A8E7-6079004449A4}.Debug|Any CPU.Build.0 = Debug|Any CPU
		{DEBEFAE4-DB6D-41B2-A8E7-6079004449A4}.Release|Any CPU.ActiveCfg = Release|Any CPU
		{DEBEFAE4-DB6D-41B2-A8E7-6079004449A4}.Release|Any CPU.Build.0 = Release|Any CPU
	EndGlobalSection
	GlobalSection(SolutionProperties) = preSolution
		HideSolutionNode = FALSE
	EndGlobalSection
	GlobalSection(ExtensibilityGlobals) = postSolution
		SolutionGuid = {CC8EA2E7-AA9B-437C-AA3C-C187F9DA4E3C}
	EndGlobalSection
EndGlobal
